# This file is generated by running "yarn install" inside your project.
# Manual changes might be lost - proceed with caution!

__metadata:
  version: 6
  cacheKey: 8

"@fast-csv/format@npm:^4.3.5":
  version: 4.3.5
  resolution: "@fast-csv/format@npm:4.3.5"
  dependencies:
    "@types/node": ^14.0.1
    lodash.escaperegexp: ^4.1.2
    lodash.isboolean: ^3.0.3
    lodash.isequal: ^4.5.0
    lodash.isfunction: ^3.0.9
    lodash.isnil: ^4.0.0
  checksum: 36d5fb76c26179bd1718dffd49fc88f4ab62675464d7ec44c5f1de55b8c454ecdf3faf84fe291df934832233f531d24c810a71cc0c390c7c4df09685d614c65b
  languageName: node
  linkType: hard

"@fast-csv/parse@npm:^4.3.6":
  version: 4.3.6
  resolution: "@fast-csv/parse@npm:4.3.6"
  dependencies:
    "@types/node": ^14.0.1
    lodash.escaperegexp: ^4.1.2
    lodash.groupby: ^4.6.0
    lodash.isfunction: ^3.0.9
    lodash.isnil: ^4.0.0
    lodash.isundefined: ^3.0.1
    lodash.uniq: ^4.5.0
  checksum: 15434d2bc7a71af63a4cc45352a58f6edd69d464233fd6f9a808a8efb9ae326832b4f78d1ddcf9fc3bbf166e9c1dce19671c4de40371a926d60cb7c5a8bad08a
  languageName: node
  linkType: hard

"@types/node@npm:^14.0.1":
  version: 14.18.32
  resolution: "@types/node@npm:14.18.32"
  checksum: 45463114bf85d06dc12925d876dd90b7fff43d9ee10a40e48fd16aece3d0201c76426c128e41230b2818d386422be06c5be33b3d94d90ee924b6fa4d54574035
  languageName: node
  linkType: hard

"@types/node@npm:^18.8.3":
  version: 18.8.5
  resolution: "@types/node@npm:18.8.5"
  checksum: f7d896f54743178e64c534c6da16f582505acf18904ecd0ee8541cb4bc1d429ba514e7ecfd5145221b71adbd6ae1ff72df082f667e56d056fcd1a719df948e08
  languageName: node
  linkType: hard

"clean-text-utils@npm:^1.1.17":
  version: 1.1.17
  resolution: "clean-text-utils@npm:1.1.17"
  checksum: 19acce7a2b39a6665049b3c4b2e3e2b11b29c2ac7838f72dca9e992bacb0e305f19a529e118532bb2b697caeed529b5972b20ea8cc86c5c292bafbac93bf42cd
  languageName: node
  linkType: hard

"lodash.escaperegexp@npm:^4.1.2":
  version: 4.1.2
  resolution: "lodash.escaperegexp@npm:4.1.2"
  checksum: 6d99452b1cfd6073175a9b741a9b09ece159eac463f86f02ea3bee2e2092923fce812c8d2bf446309cc52d1d61bf9af51c8118b0d7421388e6cead7bd3798f0f
  languageName: node
  linkType: hard

"lodash.groupby@npm:^4.6.0":
  version: 4.6.0
  resolution: "lodash.groupby@npm:4.6.0"
  checksum: e2d4d13d12790a1cacab3f5f120b7c072a792224e83b2f403218866d18efde76024b2579996dfebb230a61ce06469332e16639103669a35a605287e19ced6b9b
  languageName: node
  linkType: hard

"lodash.isboolean@npm:^3.0.3":
  version: 3.0.3
  resolution: "lodash.isboolean@npm:3.0.3"
  checksum: b70068b4a8b8837912b54052557b21fc4774174e3512ed3c5b94621e5aff5eb6c68089d0a386b7e801d679cd105d2e35417978a5e99071750aa2ed90bffd0250
  languageName: node
  linkType: hard

"lodash.isequal@npm:^4.5.0":
  version: 4.5.0
  resolution: "lodash.isequal@npm:4.5.0"
  checksum: da27515dc5230eb1140ba65ff8de3613649620e8656b19a6270afe4866b7bd461d9ba2ac8a48dcc57f7adac4ee80e1de9f965d89d4d81a0ad52bb3eec2609644
  languageName: node
  linkType: hard

"lodash.isfunction@npm:^3.0.9":
  version: 3.0.9
  resolution: "lodash.isfunction@npm:3.0.9"
  checksum: 99e54c34b1e8a9ba75c034deb39cedbd2aca7af685815e67a2a8ec4f73ec9748cda6ebee5a07d7de4b938e90d421fd280e9c385cc190f903ac217ac8aff30314
  languageName: node
  linkType: hard

"lodash.isnil@npm:^4.0.0":
  version: 4.0.0
  resolution: "lodash.isnil@npm:4.0.0"
  checksum: ebf8df69879badd6ad99c4f64c54c470248df5cf92b208ca730861b1d8ac058da7b632ac811d18b0929d93cbac8d8fc866e781ee816b0142c56952e85edc682f
  languageName: node
  linkType: hard

"lodash.isundefined@npm:^3.0.1":
  version: 3.0.1
  resolution: "lodash.isundefined@npm:3.0.1"
  checksum: 52b4d99a47bd41daa4e2860200258f56b1f2c99263c11a5f607fbbd91d6447fe674bdafc172735d099908a09136d4a0f98cf79715e38ca4b490fdda7162be289
  languageName: node
  linkType: hard

"lodash.uniq@npm:^4.5.0":
  version: 4.5.0
  resolution: "lodash.uniq@npm:4.5.0"
  checksum: a4779b57a8d0f3c441af13d9afe7ecff22dd1b8ce1129849f71d9bbc8e8ee4e46dfb4b7c28f7ad3d67481edd6e51126e4e2a6ee276e25906d10f7140187c392d
  languageName: node
  linkType: hard

"ovice-assignment@workspace:.":
  version: 0.0.0-use.local
  resolution: "ovice-assignment@workspace:."
  dependencies:
    "@fast-csv/format": ^4.3.5
    "@fast-csv/parse": ^4.3.6
    "@types/node": ^18.8.3
    clean-text-utils: ^1.1.17
    rxjs: ^7.5.7
    typescript: ^4.8.4
  languageName: unknown
  linkType: soft

"rxjs@npm:^7.5.7":
  version: 7.5.7
  resolution: "rxjs@npm:7.5.7"
  dependencies:
    tslib: ^2.1.0
  checksum: edabcdb73b0f7e0f5f6e05c2077aff8c52222ac939069729704357d6406438acca831c24210db320aba269e86dbe1a400f3769c89101791885121a342fb15d9c
  languageName: node
  linkType: hard

"tslib@npm:^2.1.0":
  version: 2.4.0
  resolution: "tslib@npm:2.4.0"
  checksum: 8c4aa6a3c5a754bf76aefc38026134180c053b7bd2f81338cb5e5ebf96fefa0f417bff221592bf801077f5bf990562f6264fecbc42cd3309b33872cb6fc3b113
  languageName: node
  linkType: hard

"typescript@npm:^4.8.4":
  version: 4.8.4
  resolution: "typescript@npm:4.8.4"
  bin:
    tsc: bin/tsc
    tsserver: bin/tsserver
  checksum: 3e4f061658e0c8f36c820802fa809e0fd812b85687a9a2f5430bc3d0368e37d1c9605c3ce9b39df9a05af2ece67b1d844f9f6ea8ff42819f13bcb80f85629af0
  languageName: node
  linkType: hard

"typescript@patch:typescript@^4.8.4#~builtin<compat/typescript>":
  version: 4.8.4
  resolution: "typescript@patch:typescript@npm%3A4.8.4#~builtin<compat/typescript>::version=4.8.4&hash=701156"
  bin:
    tsc: bin/tsc
    tsserver: bin/tsserver
  checksum: 301459fc3eb3b1a38fe91bf96d98eb55da88a9cb17b4ef80b4d105d620f4d547ba776cc27b44cc2ef58b66eda23fe0a74142feb5e79a6fb99f54fc018a696afa
  languageName: node
  linkType: hard
